
Microsoft Visual Studio Solution File, Format Version 12.00
# Visual Studio Version 16
VisualStudioVersion = 25.0.1706.4
MinimumVisualStudioVersion = 10.0.40219.1
Project("{FAE04EC0-301F-11D3-BF4B-00C04F79EFBC}") = "LeaveProject.Web", "LeaveProject.Web\LeaveProject.Web.csproj", "{912C8B0B-3C40-4CE2-A900-2357F30DD105}"
EndProject
Global
	GlobalSection(SolutionConfigurationPlatforms) = preSolution
		Debug|Any CPU = Debug|Any CPU
		Release|Any CPU = Release|Any CPU
	EndGlobalSection
	GlobalSection(ProjectConfigurationPlatforms) = postSolution
		{912C8B0B-3C40-4CE2-A900-2357F30DD105}.Debug|Any CPU.ActiveCfg = Debug|Any CPU
		{912C8B0B-3C40-4CE2-A900-2357F30DD105}.Debug|Any CPU.Build.0 = Debug|Any CPU
		{912C8B0B-3C40-4CE2-A900-2357F30DD105}.Release|Any CPU.ActiveCfg = Release|Any CPU
		{912C8B0B-3C40-4CE2-A900-2357F30DD105}.Release|Any CPU.Build.0 = Release|Any CPU
	EndGlobalSection
	GlobalSection(SolutionProperties) = preSolution
		HideSolutionNode = FALSE
	EndGlobalSection
	GlobalSection(ExtensibilityGlobals) = postSolution
		SolutionGuid = {1F47B05D-223E-404D-8245-9DE6EBBE63A5}
	EndGlobalSection
EndGlobal
